<?xml version="1.0" encoding="utf-8"?>
<Project ToolsVersion="4.0" xmlns="http://schemas.microsoft.com/developer/msbuild/2003">
  <ItemGroup>
    <ClCompile Include="main.cpp" />
    <ClCompile Include="engine\model\universe.cpp">
      <Filter>engine\model</Filter>
    </ClCompile>
    <ClCompile Include="engine\window\gamewindow.cpp">
      <Filter>engine\window</Filter>
    </ClCompile>
    <ClCompile Include="engine\gameengine.cpp">
      <Filter>engine</Filter>
    </ClCompile>
    <ClCompile Include="engine\window\gamewindowdata.cpp">
      <Filter>engine\window</Filter>
    </ClCompile>
    <ClCompile Include="engine\input\inputevents.cpp">
      <Filter>engine\input</Filter>
    </ClCompile>
    <ClCompile Include="core\vector2.cpp">
      <Filter>core</Filter>
    </ClCompile>
    <ClCompile Include="engine\model\world.cpp">
      <Filter>engine\model</Filter>
    </ClCompile>
    <ClCompile Include="engine\model\entity.cpp">
      <Filter>engine\model</Filter>
    </ClCompile>
    <ClCompile Include="engine\flow\floworchestrator.cpp">
      <Filter>engine\flow</Filter>
    </ClCompile>
    <ClCompile Include="engine\model\gamesystem.cpp">
      <Filter>engine\model</Filter>
    </ClCompile>
  </ItemGroup>
  <ItemGroup>
    <ClInclude Include="core\types.h">
      <Filter>core</Filter>
    </ClInclude>
    <ClInclude Include="precomp.h" />
    <ClInclude Include="engine\model\universe.h">
      <Filter>engine\model</Filter>
    </ClInclude>
    <ClInclude Include="engine\window\gamewindow.h">
      <Filter>engine\window</Filter>
    </ClInclude>
    <ClInclude Include="engine\gameengine.h">
      <Filter>engine</Filter>
    </ClInclude>
    <ClInclude Include="engine\window\gamewindowdata.h">
      <Filter>engine\window</Filter>
    </ClInclude>
    <ClInclude Include="engine\input\inputevents.h">
      <Filter>engine\input</Filter>
    </ClInclude>
    <ClInclude Include="core\vector2.h">
      <Filter>core</Filter>
    </ClInclude>
    <ClInclude Include="engine\model\world.h">
      <Filter>engine\model</Filter>
    </ClInclude>
    <ClInclude Include="engine\model\entity.h">
      <Filter>engine\model</Filter>
    </ClInclude>
    <ClInclude Include="engine\flow\floworchestrator.h">
      <Filter>engine\flow</Filter>
    </ClInclude>
    <ClInclude Include="engine\model\gamesystem.h">
      <Filter>engine\model</Filter>
    </ClInclude>
    <ClInclude Include="core\singleton.h">
      <Filter>core</Filter>
    </ClInclude>
  </ItemGroup>
  <ItemGroup>
    <Filter Include="engine">
      <UniqueIdentifier>{0e21c706-48c0-4c4e-b7d6-9ca11b4dc73a}</UniqueIdentifier>
    </Filter>
    <Filter Include="engine\model">
      <UniqueIdentifier>{d0996005-e5c9-4063-8669-10cc50563f12}</UniqueIdentifier>
    </Filter>
    <Filter Include="engine\window">
      <UniqueIdentifier>{e88b8403-40e3-498c-952d-9266f37959f3}</UniqueIdentifier>
    </Filter>
    <Filter Include="core">
      <UniqueIdentifier>{885c0e44-9eca-46aa-a689-55b6280e9fdb}</UniqueIdentifier>
    </Filter>
    <Filter Include="engine\input">
      <UniqueIdentifier>{e8b4ffe5-26d1-421d-9ba2-27a8ede08593}</UniqueIdentifier>
    </Filter>
    <Filter Include="engine\flow">
      <UniqueIdentifier>{f0ac7d9c-1d2f-46b4-bf64-d52cce9b9f57}</UniqueIdentifier>
    </Filter>
  </ItemGroup>
</Project>