<?xml version="1.0" encoding="utf-8"?>
<Project ToolsVersion="4.0" xmlns="http://schemas.microsoft.com/developer/msbuild/2003">
  <ItemGroup>
    <ClCompile Include="main.cpp" />
    <ClCompile Include="engine\model\universe.cpp">
      <Filter>engine\model</Filter>
    </ClCompile>
    <ClCompile Include="engine\window\gamewindow.cpp">
      <Filter>engine\window</Filter>
    </ClCompile>
    <ClCompile Include="engine\gameengine.cpp">
      <Filter>engine</Filter>
    </ClCompile>
    <ClCompile Include="engine\window\gamewindowdata.cpp">
      <Filter>engine\window</Filter>
    </ClCompile>
    <ClCompile Include="engine\input\inputevents.cpp">
      <Filter>engine\input</Filter>
    </ClCompile>
    <ClCompile Include="core\vector2.cpp">
      <Filter>core</Filter>
    </ClCompile>
    <ClCompile Include="engine\model\world.cpp">
      <Filter>engine\model</Filter>
    </ClCompile>
    <ClCompile Include="engine\model\entity.cpp">
      <Filter>engine\model</Filter>
    </ClCompile>
    <ClCompile Include="engine\flow\floworchestrator.cpp">
      <Filter>engine\flow</Filter>
    </ClCompile>
    <ClCompile Include="engine\model\gamesystem.cpp">
      <Filter>engine\model</Filter>
    </ClCompile>
    <ClCompile Include="engine\input\inputprocessor.cpp">
      <Filter>engine\input</Filter>
    </ClCompile>
    <ClCompile Include="engine\rendering\renderingcontext.cpp">
      <Filter>engine\rendering</Filter>
    </ClCompile>
    <ClCompile Include="engine\rendering\gamerenderer.cpp">
      <Filter>engine\rendering</Filter>
    </ClCompile>
    <ClCompile Include="core\serialization\json\jsonparser.cpp">
      <Filter>core\serialization\json</Filter>
    </ClCompile>
    <ClCompile Include="core\serialization\json\jsonnode.cpp">
      <Filter>core\serialization\json</Filter>
    </ClCompile>
    <ClCompile Include="core\assert.cpp">
      <Filter>core</Filter>
    </ClCompile>
    <ClCompile Include="core\serialization\objectserializer.cpp">
      <Filter>core\serialization</Filter>
    </ClCompile>
    <ClCompile Include="core\instantiation\classinstantiator.cpp">
      <Filter>core\instantiation</Filter>
    </ClCompile>
    <ClCompile Include="core\instantiation\classinstatiator.gen.cpp">
      <Filter>core\instantiation</Filter>
    </ClCompile>
    <ClCompile Include="core\io\filereader.cpp">
      <Filter>core\io</Filter>
    </ClCompile>
    <ClCompile Include="engine\model\object.cpp">
      <Filter>engine\model</Filter>
    </ClCompile>
    <ClCompile Include="engine\model\data\universeinitdata.cpp">
      <Filter>engine\model\data</Filter>
    </ClCompile>
    <ClCompile Include="engine\model\data\gamesysteminitdata.cpp">
      <Filter>engine\model\data</Filter>
    </ClCompile>
    <ClCompile Include="engine\input\inputprocessorinitdata.cpp">
      <Filter>engine\input</Filter>
    </ClCompile>
    <ClCompile Include="engine\flow\floworchestratorinitdata.cpp">
      <Filter>engine\flow</Filter>
    </ClCompile>
    <ClCompile Include="engine\rendering\gamerendererinitdata.cpp">
      <Filter>engine\rendering</Filter>
    </ClCompile>
    <ClCompile Include="engine\flow\flowstate.cpp">
      <Filter>engine\flow</Filter>
    </ClCompile>
    <ClCompile Include="engine\flow\flowcondition.cpp">
      <Filter>engine\flow</Filter>
    </ClCompile>
    <ClCompile Include="engine\flow\flowaction.cpp">
      <Filter>engine\flow</Filter>
    </ClCompile>
    <ClCompile Include="engine\flow\flowtransition.cpp">
      <Filter>engine\flow</Filter>
    </ClCompile>
    <ClCompile Include="engine\flow\flowstatecontext.cpp">
      <Filter>engine\flow</Filter>
    </ClCompile>
    <ClCompile Include="engine\model\data\worldinitdata.cpp">
      <Filter>engine\model\data</Filter>
    </ClCompile>
    <ClCompile Include="engine\model\data\entityinitdata.cpp">
      <Filter>engine\model\data</Filter>
    </ClCompile>
    <ClCompile Include="minesweeper\systems\minesweepergamesystem.cpp">
      <Filter>minesweeper\systems</Filter>
    </ClCompile>
    <ClCompile Include="minesweeper\flow\gamestateflowcondition.cpp">
      <Filter>minesweeper\flow</Filter>
    </ClCompile>
    <ClCompile Include="minesweeper\entities\gridentity.cpp">
      <Filter>minesweeper\entities</Filter>
    </ClCompile>
    <ClCompile Include="minesweeper\entities\gamestatebuttonentity.cpp">
      <Filter>minesweeper\entities</Filter>
    </ClCompile>
    <ClCompile Include="engine\flow\actions\gotoworldflowaction.cpp">
      <Filter>engine\flow\actions</Filter>
    </ClCompile>
  </ItemGroup>
  <ItemGroup>
    <ClInclude Include="core\types.h">
      <Filter>core</Filter>
    </ClInclude>
    <ClInclude Include="precomp.h" />
    <ClInclude Include="engine\model\universe.h">
      <Filter>engine\model</Filter>
    </ClInclude>
    <ClInclude Include="engine\window\gamewindow.h">
      <Filter>engine\window</Filter>
    </ClInclude>
    <ClInclude Include="engine\gameengine.h">
      <Filter>engine</Filter>
    </ClInclude>
    <ClInclude Include="engine\window\gamewindowdata.h">
      <Filter>engine\window</Filter>
    </ClInclude>
    <ClInclude Include="engine\input\inputevents.h">
      <Filter>engine\input</Filter>
    </ClInclude>
    <ClInclude Include="core\vector2.h">
      <Filter>core</Filter>
    </ClInclude>
    <ClInclude Include="engine\model\world.h">
      <Filter>engine\model</Filter>
    </ClInclude>
    <ClInclude Include="engine\model\entity.h">
      <Filter>engine\model</Filter>
    </ClInclude>
    <ClInclude Include="engine\flow\floworchestrator.h">
      <Filter>engine\flow</Filter>
    </ClInclude>
    <ClInclude Include="engine\model\gamesystem.h">
      <Filter>engine\model</Filter>
    </ClInclude>
    <ClInclude Include="core\singleton.h">
      <Filter>core</Filter>
    </ClInclude>
    <ClInclude Include="engine\input\inputprocessor.h">
      <Filter>engine\input</Filter>
    </ClInclude>
    <ClInclude Include="engine\rendering\renderingcontext.h">
      <Filter>engine\rendering</Filter>
    </ClInclude>
    <ClInclude Include="engine\rendering\gamerenderer.h">
      <Filter>engine\rendering</Filter>
    </ClInclude>
    <ClInclude Include="core\serialization\json\jsonparser.h">
      <Filter>core\serialization\json</Filter>
    </ClInclude>
    <ClInclude Include="core\serialization\json\jsonnode.h">
      <Filter>core\serialization\json</Filter>
    </ClInclude>
    <ClInclude Include="core\assert.h">
      <Filter>core</Filter>
    </ClInclude>
    <ClInclude Include="core\serialization\objectserializer.h">
      <Filter>core\serialization</Filter>
    </ClInclude>
    <ClInclude Include="core\instantiation\classinstantiator.h">
      <Filter>core\instantiation</Filter>
    </ClInclude>
    <ClInclude Include="core\io\filereader.h">
      <Filter>core\io</Filter>
    </ClInclude>
    <ClInclude Include="engine\model\object.h">
      <Filter>engine\model</Filter>
    </ClInclude>
    <ClInclude Include="engine\model\data\universeinitdata.h">
      <Filter>engine\model\data</Filter>
    </ClInclude>
    <ClInclude Include="engine\model\data\gamesysteminitdata.h">
      <Filter>engine\model\data</Filter>
    </ClInclude>
    <ClInclude Include="engine\input\inputprocessorinitdata.h">
      <Filter>engine\input</Filter>
    </ClInclude>
    <ClInclude Include="engine\flow\floworchestratorinitdata.h">
      <Filter>engine\flow</Filter>
    </ClInclude>
    <ClInclude Include="engine\rendering\gamerendererinitdata.h">
      <Filter>engine\rendering</Filter>
    </ClInclude>
    <ClInclude Include="core\signal.hpp">
      <Filter>core</Filter>
    </ClInclude>
    <ClInclude Include="engine\flow\flowstate.h">
      <Filter>engine\flow</Filter>
    </ClInclude>
    <ClInclude Include="engine\flow\flowcondition.h">
      <Filter>engine\flow</Filter>
    </ClInclude>
    <ClInclude Include="engine\flow\flowaction.h">
      <Filter>engine\flow</Filter>
    </ClInclude>
    <ClInclude Include="engine\flow\flowtransition.h">
      <Filter>engine\flow</Filter>
    </ClInclude>
    <ClInclude Include="engine\flow\flowstatecontext.h">
      <Filter>engine\flow</Filter>
    </ClInclude>
    <ClInclude Include="engine\model\data\worldinitdata.h">
      <Filter>engine\model\data</Filter>
    </ClInclude>
    <ClInclude Include="engine\model\data\entityinitdata.h">
      <Filter>engine\model\data</Filter>
    </ClInclude>
    <ClInclude Include="core\math.h">
      <Filter>core</Filter>
    </ClInclude>
    <ClInclude Include="core\math.h">
      <Filter>core</Filter>
    </ClInclude>
    <ClInclude Include="minesweeper\systems\minesweepergamesystem.h">
      <Filter>minesweeper\systems</Filter>
    </ClInclude>
    <ClInclude Include="minesweeper\flow\gamestateflowcondition.h">
      <Filter>minesweeper\flow</Filter>
    </ClInclude>
    <ClInclude Include="minesweeper\entities\gridentity.h">
      <Filter>minesweeper\entities</Filter>
    </ClInclude>
    <ClInclude Include="minesweeper\entities\gamestatebuttonentity.h">
      <Filter>minesweeper\entities</Filter>
    </ClInclude>
    <ClInclude Include="engine\flow\actions\gotoworldflowaction.h">
      <Filter>engine\flow\actions</Filter>
    </ClInclude>
  </ItemGroup>
  <ItemGroup>
    <Filter Include="engine">
      <UniqueIdentifier>{0e21c706-48c0-4c4e-b7d6-9ca11b4dc73a}</UniqueIdentifier>
    </Filter>
    <Filter Include="engine\model">
      <UniqueIdentifier>{d0996005-e5c9-4063-8669-10cc50563f12}</UniqueIdentifier>
    </Filter>
    <Filter Include="engine\window">
      <UniqueIdentifier>{e88b8403-40e3-498c-952d-9266f37959f3}</UniqueIdentifier>
    </Filter>
    <Filter Include="core">
      <UniqueIdentifier>{885c0e44-9eca-46aa-a689-55b6280e9fdb}</UniqueIdentifier>
    </Filter>
    <Filter Include="engine\input">
      <UniqueIdentifier>{e8b4ffe5-26d1-421d-9ba2-27a8ede08593}</UniqueIdentifier>
    </Filter>
    <Filter Include="engine\flow">
      <UniqueIdentifier>{f0ac7d9c-1d2f-46b4-bf64-d52cce9b9f57}</UniqueIdentifier>
    </Filter>
    <Filter Include="engine\rendering">
      <UniqueIdentifier>{5d5385fa-c720-441a-9d96-2e8bc96a7d55}</UniqueIdentifier>
    </Filter>
    <Filter Include="core\serialization">
      <UniqueIdentifier>{c6c28f24-b050-400f-a71c-94eaa67ca2b2}</UniqueIdentifier>
    </Filter>
    <Filter Include="core\serialization\json">
      <UniqueIdentifier>{5f388cfa-fb9f-4c31-a078-7cf8ae31bcd6}</UniqueIdentifier>
    </Filter>
    <Filter Include="core\instantiation">
      <UniqueIdentifier>{f13be2ee-098e-4f53-aaef-6bc637f5cf7d}</UniqueIdentifier>
    </Filter>
    <Filter Include="core\io">
      <UniqueIdentifier>{b0bf0f55-1995-4db4-af57-8f76a78016f4}</UniqueIdentifier>
    </Filter>
    <Filter Include="engine\model\data">
      <UniqueIdentifier>{50ac50ce-443c-4e1d-ae60-eedaa7e55114}</UniqueIdentifier>
    </Filter>
    <Filter Include="minesweeper">
      <UniqueIdentifier>{f697bcf7-7e85-4b73-a0d5-e001d97070af}</UniqueIdentifier>
    </Filter>
    <Filter Include="minesweeper\flow">
      <UniqueIdentifier>{864d85ab-f82d-480b-9f20-8b1e4556a0db}</UniqueIdentifier>
    </Filter>
    <Filter Include="minesweeper\entities">
      <UniqueIdentifier>{1b4af0fb-cc0c-4876-b1d7-51d0c917a76f}</UniqueIdentifier>
    </Filter>
    <Filter Include="minesweeper\systems">
      <UniqueIdentifier>{03854afe-00f5-4bb0-87a2-e79a06cf93f5}</UniqueIdentifier>
    </Filter>
    <Filter Include="engine\flow\actions">
      <UniqueIdentifier>{e97ca13e-b961-4a6d-88f5-061c51687925}</UniqueIdentifier>
    </Filter>
  </ItemGroup>
  <ItemGroup>
    <None Include="gamedata.json" />
    <None Include="engine\model\data\universeinitdata.cdt">
      <Filter>engine\model\data</Filter>
    </None>
    <None Include="engine\model\data\gamesysteminitdata.cdt">
      <Filter>engine\model\data</Filter>
    </None>
    <None Include="engine\input\inputprocessorinitdata.cdt">
      <Filter>engine\input</Filter>
    </None>
    <None Include="engine\flow\floworchestratorinitdata.cdt">
      <Filter>engine\flow</Filter>
    </None>
    <None Include="engine\rendering\gamerendererinitdata.cdt">
      <Filter>engine\rendering</Filter>
    </None>
    <None Include="engine\flow\flowstate.cdt">
      <Filter>engine\flow</Filter>
    </None>
    <None Include="engine\flow\flowcondition.cdt">
      <Filter>engine\flow</Filter>
    </None>
    <None Include="engine\flow\flowaction.cdt">
      <Filter>engine\flow</Filter>
    </None>
    <None Include="engine\flow\flowtransition.cdt">
      <Filter>engine\flow</Filter>
    </None>
    <None Include="engine\model\data\worldinitdata.cdt">
      <Filter>engine\model\data</Filter>
    </None>
    <None Include="engine\model\data\entityinitdata.cdt">
      <Filter>engine\model\data</Filter>
    </None>
    <None Include="minesweeper\titlepage.json">
      <Filter>minesweeper</Filter>
    </None>
    <None Include="minesweeper\systems\minesweepergamesystem.cdt">
      <Filter>minesweeper\systems</Filter>
    </None>
    <None Include="minesweeper\flow\gamestateflowcondition.cdt">
      <Filter>minesweeper\flow</Filter>
    </None>
    <None Include="minesweeper\entities\gridentity.cdt">
      <Filter>minesweeper\entities</Filter>
    </None>
    <None Include="minesweeper\entities\gamestatebuttonentity.cdt">
      <Filter>minesweeper\entities</Filter>
    </None>
    <None Include="engine\flow\actions\gotoworldflowaction.cdt">
      <Filter>engine\flow\actions</Filter>
    </None>
    <None Include="minesweeper\gamegrid.json">
      <Filter>minesweeper</Filter>
    </None>
  </ItemGroup>
</Project>